
Microsoft Visual Studio Solution File, Format Version 12.00
# Visual Studio 15
VisualStudioVersion = 15.0.27130.0
MinimumVisualStudioVersion = 10.0.40219.1
Project("{FAE04EC0-301F-11D3-BF4B-00C04F79EFBC}") = "CertifikacijaWebApp", "CertifikacijaWebApp\CertifikacijaWebApp.csproj", "{307257DA-F2A6-418A-BD4C-FDF3A97292B9}"
EndProject
Global
	GlobalSection(SolutionConfigurationPlatforms) = preSolution
		Debug|Any CPU = Debug|Any CPU
		Release|Any CPU = Release|Any CPU
	EndGlobalSection
	GlobalSection(ProjectConfigurationPlatforms) = postSolution
		{307257DA-F2A6-418A-BD4C-FDF3A97292B9}.Debug|Any CPU.ActiveCfg = Debug|Any CPU
		{307257DA-F2A6-418A-BD4C-FDF3A97292B9}.Debug|Any CPU.Build.0 = Debug|Any CPU
		{307257DA-F2A6-418A-BD4C-FDF3A97292B9}.Release|Any CPU.ActiveCfg = Release|Any CPU
		{307257DA-F2A6-418A-BD4C-FDF3A97292B9}.Release|Any CPU.Build.0 = Release|Any CPU
	EndGlobalSection
	GlobalSection(SolutionProperties) = preSolution
		HideSolutionNode = FALSE
	EndGlobalSection
	GlobalSection(ExtensibilityGlobals) = postSolution
		SolutionGuid = {48011E6F-8CF6-43CD-BE0D-79A8DAB50D64}
	EndGlobalSection
EndGlobal
